
Microsoft Visual Studio Solution File, Format Version 12.00
# Visual Studio Version 17
VisualStudioVersion = 17.0.31903.59
MinimumVisualStudioVersion = 10.0.40219.1
Project("{2150E333-8FDC-42A3-9474-1A3956D46DE8}") = "SimpleNet", "SimpleNet", "{FD58926E-B8F1-447A-BFBA-C342904DEB01}"
EndProject
Project("{FAE04EC0-301F-11D3-BF4B-00C04F79EFBC}") = "Core", "SimpleNet\Core\Core.csproj", "{27F5E408-D19A-4853-92F5-38567FC198ED}"
EndProject
Project("{FAE04EC0-301F-11D3-BF4B-00C04F79EFBC}") = "Example", "SimpleNet\Example\Example.csproj", "{2523D3BC-EA01-4187-873B-9CC63158BD34}"
EndProject
Global
	GlobalSection(SolutionConfigurationPlatforms) = preSolution
		Debug|Any CPU = Debug|Any CPU
		Release|Any CPU = Release|Any CPU
	EndGlobalSection
	GlobalSection(SolutionProperties) = preSolution
		HideSolutionNode = FALSE
	EndGlobalSection
	GlobalSection(ProjectConfigurationPlatforms) = postSolution
		{27F5E408-D19A-4853-92F5-38567FC198ED}.Debug|Any CPU.ActiveCfg = Debug|Any CPU
		{27F5E408-D19A-4853-92F5-38567FC198ED}.Debug|Any CPU.Build.0 = Debug|Any CPU
		{27F5E408-D19A-4853-92F5-38567FC198ED}.Release|Any CPU.ActiveCfg = Release|Any CPU
		{27F5E408-D19A-4853-92F5-38567FC198ED}.Release|Any CPU.Build.0 = Release|Any CPU
		{2523D3BC-EA01-4187-873B-9CC63158BD34}.Debug|Any CPU.ActiveCfg = Debug|Any CPU
		{2523D3BC-EA01-4187-873B-9CC63158BD34}.Debug|Any CPU.Build.0 = Debug|Any CPU
		{2523D3BC-EA01-4187-873B-9CC63158BD34}.Release|Any CPU.ActiveCfg = Release|Any CPU
		{2523D3BC-EA01-4187-873B-9CC63158BD34}.Release|Any CPU.Build.0 = Release|Any CPU
	EndGlobalSection
	GlobalSection(NestedProjects) = preSolution
		{27F5E408-D19A-4853-92F5-38567FC198ED} = {FD58926E-B8F1-447A-BFBA-C342904DEB01}
		{2523D3BC-EA01-4187-873B-9CC63158BD34} = {FD58926E-B8F1-447A-BFBA-C342904DEB01}
	EndGlobalSection
EndGlobal
